// !$*UTF8*$!
{
	archiveVersion = 1;
	classes = {
	};
	objectVersion = 46;
	objects = {

/* Begin PBXBuildFile section */
		0A5D8A791B5A3299007674E9 /* AppDelegate.swift in Sources */ = {isa = PBXBuildFile; fileRef = 0A5D8A781B5A3299007674E9 /* AppDelegate.swift */; };
		0A5D8A7B1B5A3299007674E9 /* ViewController.swift in Sources */ = {isa = PBXBuildFile; fileRef = 0A5D8A7A1B5A3299007674E9 /* ViewController.swift */; };
		0A5D8A7E1B5A3299007674E9 /* Main.storyboard in Resources */ = {isa = PBXBuildFile; fileRef = 0A5D8A7C1B5A3299007674E9 /* Main.storyboard */; };
		0A5D8A801B5A3299007674E9 /* Assets.xcassets in Resources */ = {isa = PBXBuildFile; fileRef = 0A5D8A7F1B5A3299007674E9 /* Assets.xcassets */; };
		0A5D8A831B5A3299007674E9 /* LaunchScreen.storyboard in Resources */ = {isa = PBXBuildFile; fileRef = 0A5D8A811B5A3299007674E9 /* LaunchScreen.storyboard */; };
		0A5D8A8E1B5A3299007674E9 /* testTableViewTests.swift in Sources */ = {isa = PBXBuildFile; fileRef = 0A5D8A8D1B5A3299007674E9 /* testTableViewTests.swift */; };
		0A5D8A991B5A3299007674E9 /* testTableViewUITests.swift in Sources */ = {isa = PBXBuildFile; fileRef = 0A5D8A981B5A3299007674E9 /* testTableViewUITests.swift */; };
/* End PBXBuildFile section */

/* Begin PBXContainerItemProxy section */
		0A5D8A8A1B5A3299007674E9 /* PBXContainerItemProxy */ = {
			isa = PBXContainerItemProxy;
			containerPortal = 0A5D8A6D1B5A3299007674E9 /* Project object */;
			proxyType = 1;
			remoteGlobalIDString = 0A5D8A741B5A3299007674E9;
			remoteInfo = testTableView;
		};
		0A5D8A951B5A3299007674E9 /* PBXContainerItemProxy */ = {
			isa = PBXContainerItemProxy;
			containerPortal = 0A5D8A6D1B5A3299007674E9 /* Project object */;
			proxyType = 1;
			remoteGlobalIDString = 0A5D8A741B5A3299007674E9;
			remoteInfo = testTableView;
		};
/* End PBXContainerItemProxy section */

/* Begin PBXFileReference section */
		0A5D8A751B5A3299007674E9 /* testTableView.app */ = {isa = PBXFileReference; explicitFileType = wrapper.application; includeInIndex = 0; path = testTableView.app; sourceTree = BUILT_PRODUCTS_DIR; };
		0A5D8A781B5A3299007674E9 /* AppDelegate.swift */ = {isa = PBXFileReference; lastKnownFileType = sourcecode.swift; path = AppDelegate.swift; sourceTree = "<group>"; };
		0A5D8A7A1B5A3299007674E9 /* ViewController.swift */ = {isa = PBXFileReference; lastKnownFileType = sourcecode.swift; path = ViewController.swift; sourceTree = "<group>"; };
		0A5D8A7D1B5A3299007674E9 /* Base */ = {isa = PBXFileReference; lastKnownFileType = file.storyboard; name = Base; path = Base.lproj/Main.storyboard; sourceTree = "<group>"; };
		0A5D8A7F1B5A3299007674E9 /* Assets.xcassets */ = {isa = PBXFileReference; lastKnownFileType = folder.assetcatalog; path = Assets.xcassets; sourceTree = "<group>"; };
		0A5D8A821B5A3299007674E9 /* Base */ = {isa = PBXFileReference; lastKnownFileType = file.storyboard; name = Base; path = Base.lproj/LaunchScreen.storyboard; sourceTree = "<group>"; };
		0A5D8A841B5A3299007674E9 /* Info.plist */ = {isa = PBXFileReference; lastKnownFileType = text.plist.xml; path = Info.plist; sourceTree = "<group>"; };
		0A5D8A891B5A3299007674E9 /* testTableViewTests.xctest */ = {isa = PBXFileReference; explicitFileType = wrapper.cfbundle; includeInIndex = 0; path = testTableViewTests.xctest; sourceTree = BUILT_PRODUCTS_DIR; };
		0A5D8A8D1B5A3299007674E9 /* testTableViewTests.swift */ = {isa = PBXFileReference; lastKnownFileType = sourcecode.swift; path = testTableViewTests.swift; sourceTree = "<group>"; };
		0A5D8A8F1B5A3299007674E9 /* Info.plist */ = {isa = PBXFileReference; lastKnownFileType = text.plist.xml; path = Info.plist; sourceTree = "<group>"; };
		0A5D8A941B5A3299007674E9 /* testTableViewUITests.xctest */ = {isa = PBXFileReference; explicitFileType = wrapper.cfbundle; includeInIndex = 0; path = testTableViewUITests.xctest; sourceTree = BUILT_PRODUCTS_DIR; };
		0A5D8A981B5A3299007674E9 /* testTableViewUITests.swift */ = {isa = PBXFileReference; lastKnownFileType = sourcecode.swift; path = testTableViewUITests.swift; sourceTree = "<group>"; };
		0A5D8A9A1B5A3299007674E9 /* Info.plist */ = {isa = PBXFileReference; lastKnownFileType = text.plist.xml; path = Info.plist; sourceTree = "<group>"; };
/* End PBXFileReference section */

/* Begin PBXFrameworksBuildPhase section */
		0A5D8A721B5A3299007674E9 /* Frameworks */ = {
			isa = PBXFrameworksBuildPhase;
			buildActionMask = 2147483647;
			files = (
			);
			runOnlyForDeploymentPostprocessing = 0;
		};
		0A5D8A861B5A3299007674E9 /* Frameworks */ = {
			isa = PBXFrameworksBuildPhase;
			buildActionMask = 2147483647;
			files = (
			);
			runOnlyForDeploymentPostprocessing = 0;
		};
		0A5D8A911B5A3299007674E9 /* Frameworks */ = {
			isa = PBXFrameworksBuildPhase;
			buildActionMask = 2147483647;
			files = (
			);
			runOnlyForDeploymentPostprocessing = 0;
		};
/* End PBXFrameworksBuildPhase section */

/* Begin PBXGroup section */
		0A5D8A6C1B5A3299007674E9 = {
			isa = PBXGroup;
			children = (
				0A5D8A771B5A3299007674E9 /* testTableView */,
				0A5D8A8C1B5A3299007674E9 /* testTableViewTests */,
				0A5D8A971B5A3299007674E9 /* testTableViewUITests */,
				0A5D8A761B5A3299007674E9 /* Products */,
			);
			sourceTree = "<group>";
		};
		0A5D8A761B5A3299007674E9 /* Products */ = {
			isa = PBXGroup;
			children = (
				0A5D8A751B5A3299007674E9 /* testTableView.app */,
				0A5D8A891B5A3299007674E9 /* testTableViewTests.xctest */,
				0A5D8A941B5A3299007674E9 /* testTableViewUITests.xctest */,
			);
			name = Products;
			sourceTree = "<group>";
		};
		0A5D8A771B5A3299007674E9 /* testTableView */ = {
			isa = PBXGroup;
			children = (
				0A5D8A781B5A3299007674E9 /* AppDelegate.swift */,
				0A5D8A7A1B5A3299007674E9 /* ViewController.swift */,
				0A5D8A7C1B5A3299007674E9 /* Main.storyboard */,
				0A5D8A7F1B5A3299007674E9 /* Assets.xcassets */,
				0A5D8A811B5A3299007674E9 /* LaunchScreen.storyboard */,
				0A5D8A841B5A3299007674E9 /* Info.plist */,
			);
			path = testTableView;
			sourceTree = "<group>";
		};
		0A5D8A8C1B5A3299007674E9 /* testTableViewTests */ = {
			isa = PBXGroup;
			children = (
				0A5D8A8D1B5A3299007674E9 /* testTableViewTests.swift */,
				0A5D8A8F1B5A3299007674E9 /* Info.plist */,
			);
			path = testTableViewTests;
			sourceTree = "<group>";
		};
		0A5D8A971B5A3299007674E9 /* testTableViewUITests */ = {
			isa = PBXGroup;
			children = (
				0A5D8A981B5A3299007674E9 /* testTableViewUITests.swift */,
				0A5D8A9A1B5A3299007674E9 /* Info.plist */,
			);
			path = testTableViewUITests;
			sourceTree = "<group>";
		};
/* End PBXGroup section */

/* Begin PBXNativeTarget section */
		0A5D8A741B5A3299007674E9 /* testTableView */ = {
			isa = PBXNativeTarget;
			buildConfigurationList = 0A5D8A9D1B5A3299007674E9 /* Build configuration list for PBXNativeTarget "testTableView" */;
			buildPhases = (
				0A5D8A711B5A3299007674E9 /* Sources */,
				0A5D8A721B5A3299007674E9 /* Frameworks */,
				0A5D8A731B5A3299007674E9 /* Resources */,
			);
			buildRules = (
			);
			dependencies = (
			);
			name = testTableView;
			productName = testTableView;
			productReference = 0A5D8A751B5A3299007674E9 /* testTableView.app */;
			productType = "com.apple.product-type.application";
		};
		0A5D8A881B5A3299007674E9 /* testTableViewTests */ = {
			isa = PBXNativeTarget;
			buildConfigurationList = 0A5D8AA01B5A3299007674E9 /* Build configuration list for PBXNativeTarget "testTableViewTests" */;
			buildPhases = (
				0A5D8A851B5A3299007674E9 /* Sources */,
				0A5D8A861B5A3299007674E9 /* Frameworks */,
				0A5D8A871B5A3299007674E9 /* Resources */,
			);
			buildRules = (
			);
			dependencies = (
				0A5D8A8B1B5A3299007674E9 /* PBXTargetDependency */,
			);
			name = testTableViewTests;
			productName = testTableViewTests;
			productReference = 0A5D8A891B5A3299007674E9 /* testTableViewTests.xctest */;
			productType = "com.apple.product-type.bundle.unit-test";
		};
		0A5D8A931B5A3299007674E9 /* testTableViewUITests */ = {
			isa = PBXNativeTarget;
			buildConfigurationList = 0A5D8AA31B5A3299007674E9 /* Build configuration list for PBXNativeTarget "testTableViewUITests" */;
			buildPhases = (
				0A5D8A901B5A3299007674E9 /* Sources */,
				0A5D8A911B5A3299007674E9 /* Frameworks */,
				0A5D8A921B5A3299007674E9 /* Resources */,
			);
			buildRules = (
			);
			dependencies = (
				0A5D8A961B5A3299007674E9 /* PBXTargetDependency */,
			);
			name = testTableViewUITests;
			productName = testTableViewUITests;
			productReference = 0A5D8A941B5A3299007674E9 /* testTableViewUITests.xctest */;
			productType = "com.apple.product-type.bundle.ui-testing";
		};
/* End PBXNativeTarget section */

/* Begin PBXProject section */
		0A5D8A6D1B5A3299007674E9 /* Project object */ = {
			isa = PBXProject;
			attributes = {
				LastUpgradeCheck = 0700;
				ORGANIZATIONNAME = com.karottc;
				TargetAttributes = {
					0A5D8A741B5A3299007674E9 = {
						CreatedOnToolsVersion = 7.0;
					};
					0A5D8A881B5A3299007674E9 = {
						CreatedOnToolsVersion = 7.0;
						TestTargetID = 0A5D8A741B5A3299007674E9;
					};
					0A5D8A931B5A3299007674E9 = {
						CreatedOnToolsVersion = 7.0;
						TestTargetID = 0A5D8A741B5A3299007674E9;
					};
				};
			};
			buildConfigurationList = 0A5D8A701B5A3299007674E9 /* Build configuration list for PBXProject "testTableView" */;
			compatibilityVersion = "Xcode 3.2";
			developmentRegion = English;
			hasScannedForEncodings = 0;
			knownRegions = (
				en,
				Base,
			);
			mainGroup = 0A5D8A6C1B5A3299007674E9;
			productRefGroup = 0A5D8A761B5A3299007674E9 /* Products */;
			projectDirPath = "";
			projectRoot = "";
			targets = (
				0A5D8A741B5A3299007674E9 /* testTableView */,
				0A5D8A881B5A3299007674E9 /* testTableViewTests */,
				0A5D8A931B5A3299007674E9 /* testTableViewUITests */,
			);
		};
/* End PBXProject section */

/* Begin PBXResourcesBuildPhase section */
		0A5D8A731B5A3299007674E9 /* Resources */ = {
			isa = PBXResourcesBuildPhase;
			buildActionMask = 2147483647;
			files = (
				0A5D8A831B5A3299007674E9 /* LaunchScreen.storyboard in Resources */,
				0A5D8A801B5A3299007674E9 /* Assets.xcassets in Resources */,
				0A5D8A7E1B5A3299007674E9 /* Main.storyboard in Resources */,
			);
			runOnlyForDeploymentPostprocessing = 0;
		};
		0A5D8A871B5A3299007674E9 /* Resources */ = {
			isa = PBXResourcesBuildPhase;
			buildActionMask = 2147483647;
			files = (
			);
			runOnlyForDeploymentPostprocessing = 0;
		};
		0A5D8A921B5A3299007674E9 /* Resources */ = {
			isa = PBXResourcesBuildPhase;
			buildActionMask = 2147483647;
			files = (
			);
			runOnlyForDeploymentPostprocessing = 0;
		};
/* End PBXResourcesBuildPhase section */

/* Begin PBXSourcesBuildPhase section */
		0A5D8A711B5A3299007674E9 /* Sources */ = {
			isa = PBXSourcesBuildPhase;
			buildActionMask = 2147483647;
			files = (
				0A5D8A7B1B5A3299007674E9 /* ViewController.swift in Sources */,
				0A5D8A791B5A3299007674E9 /* AppDelegate.swift in Sources */,
			);
			runOnlyForDeploymentPostprocessing = 0;
		};
		0A5D8A851B5A3299007674E9 /* Sources */ = {
			isa = PBXSourcesBuildPhase;
			buildActionMask = 2147483647;
			files = (
				0A5D8A8E1B5A3299007674E9 /* testTableViewTests.swift in Sources */,
			);
			runOnlyForDeploymentPostprocessing = 0;
		};
		0A5D8A901B5A3299007674E9 /* Sources */ = {
			isa = PBXSourcesBuildPhase;
			buildActionMask = 2147483647;
			files = (
				0A5D8A991B5A3299007674E9 /* testTableViewUITests.swift in Sources */,
			);
			runOnlyForDeploymentPostprocessing = 0;
		};
/* End PBXSourcesBuildPhase section */

/* Begin PBXTargetDependency section */
		0A5D8A8B1B5A3299007674E9 /* PBXTargetDependency */ = {
			isa = PBXTargetDependency;
			target = 0A5D8A741B5A3299007674E9 /* testTableView */;
			targetProxy = 0A5D8A8A1B5A3299007674E9 /* PBXContainerItemProxy */;
		};
		0A5D8A961B5A3299007674E9 /* PBXTargetDependency */ = {
			isa = PBXTargetDependency;
			target = 0A5D8A741B5A3299007674E9 /* testTableView */;
			targetProxy = 0A5D8A951B5A3299007674E9 /* PBXContainerItemProxy */;
		};
/* End PBXTargetDependency section */

/* Begin PBXVariantGroup section */
		0A5D8A7C1B5A3299007674E9 /* Main.storyboard */ = {
			isa = PBXVariantGroup;
			children = (
				0A5D8A7D1B5A3299007674E9 /* Base */,
			);
			name = Main.storyboard;
			sourceTree = "<group>";
		};
		0A5D8A811B5A3299007674E9 /* LaunchScreen.storyboard */ = {
			isa = PBXVariantGroup;
			children = (
				0A5D8A821B5A3299007674E9 /* Base */,
			);
			name = LaunchScreen.storyboard;
			sourceTree = "<group>";
		};
/* End PBXVariantGroup section */

/* Begin XCBuildConfiguration section */
		0A5D8A9B1B5A3299007674E9 /* Debug */ = {
			isa = XCBuildConfiguration;
			buildSettings = {
				ALWAYS_SEARCH_USER_PATHS = NO;
				CLANG_CXX_LANGUAGE_STANDARD = "gnu++0x";
				CLANG_CXX_LIBRARY = "libc++";
				CLANG_ENABLE_MODULES = YES;
				CLANG_ENABLE_OBJC_ARC = YES;
				CLANG_WARN_BOOL_CONVERSION = YES;
				CLANG_WARN_CONSTANT_CONVERSION = YES;
				CLANG_WARN_DIRECT_OBJC_ISA_USAGE = YES_ERROR;
				CLANG_WARN_EMPTY_BODY = YES;
				CLANG_WARN_ENUM_CONVERSION = YES;
				CLANG_WARN_INT_CONVERSION = YES;
				CLANG_WARN_OBJC_ROOT_CLASS = YES_ERROR;
				CLANG_WARN_UNREACHABLE_CODE = YES;
				CLANG_WARN__DUPLICATE_METHOD_MATCH = YES;
				"CODE_SIGN_IDENTITY[sdk=iphoneos*]" = "iPhone Developer";
				COPY_PHASE_STRIP = NO;
				DEBUG_INFORMATION_FORMAT = dwarf;
				ENABLE_STRICT_OBJC_MSGSEND = YES;
				ENABLE_TESTABILITY = YES;
				GCC_C_LANGUAGE_STANDARD = gnu99;
				GCC_DYNAMIC_NO_PIC = NO;
				GCC_NO_COMMON_BLOCKS = YES;
				GCC_OPTIMIZATION_LEVEL = 0;
				GCC_PREPROCESSOR_DEFINITIONS = (
					"DEBUG=1",
					"$(inherited)",
				);
				GCC_WARN_64_TO_32_BIT_CONVERSION = YES;
				GCC_WARN_ABOUT_RETURN_TYPE = YES_ERROR;
				GCC_WARN_UNDECLARED_SELECTOR = YES;
				GCC_WARN_UNINITIALIZED_AUTOS = YES_AGGRESSIVE;
				GCC_WARN_UNUSED_FUNCTION = YES;
				GCC_WARN_UNUSED_VARIABLE = YES;
				IPHONEOS_DEPLOYMENT_TARGET = 9.0;
				MTL_ENABLE_DEBUG_INFO = YES;
				ONLY_ACTIVE_ARCH = YES;
				SDKROOT = iphoneos;
				SWIFT_OPTIMIZATION_LEVEL = "-Onone";
			};
			name = Debug;
		};
		0A5D8A9C1B5A3299007674E9 /* Release */ = {
			isa = XCBuildConfiguration;
			buildSettings = {
				ALWAYS_SEARCH_USER_PATHS = NO;
				CLANG_CXX_LANGUAGE_STANDARD = "gnu++0x";
				CLANG_CXX_LIBRARY = "libc++";
				CLANG_ENABLE_MODULES = YES;
				CLANG_ENABLE_OBJC_ARC = YES;
				CLANG_WARN_BOOL_CONVERSION = YES;
				CLANG_WARN_CONSTANT_CONVERSION = YES;
				CLANG_WARN_DIRECT_OBJC_ISA_USAGE = YES_ERROR;
				CLANG_WARN_EMPTY_BODY = YES;
				CLANG_WARN_ENUM_CONVERSION = YES;
				CLANG_WARN_INT_CONVERSION = YES;
				CLANG_WARN_OBJC_ROOT_CLASS = YES_ERROR;
				CLANG_WARN_UNREACHABLE_CODE = YES;
				CLANG_WARN__DUPLICATE_METHOD_MATCH = YES;
				"CODE_SIGN_IDENTITY[sdk=iphoneos*]" = "iPhone Developer";
				COPY_PHASE_STRIP = NO;
				DEBUG_INFORMATION_FORMAT = "dwarf-with-dsym";
				ENABLE_NS_ASSERTIONS = NO;
				ENABLE_STRICT_OBJC_MSGSEND = YES;
				GCC_C_LANGUAGE_STANDARD = gnu99;
				GCC_NO_COMMON_BLOCKS = YES;
				GCC_WARN_64_TO_32_BIT_CONVERSION = YES;
				GCC_WARN_ABOUT_RETURN_TYPE = YES_ERROR;
				GCC_WARN_UNDECLARED_SELECTOR = YES;
				GCC_WARN_UNINITIALIZED_AUTOS = YES_AGGRESSIVE;
				GCC_WARN_UNUSED_FUNCTION = YES;
				GCC_WARN_UNUSED_VARIABLE = YES;
				IPHONEOS_DEPLOYMENT_TARGET = 9.0;
				MTL_ENABLE_DEBUG_INFO = NO;
				SDKROOT = iphoneos;
				VALIDATE_PRODUCT = YES;
			};
			name = Release;
		};
		0A5D8A9E1B5A3299007674E9 /* Debug */ = {
			isa = XCBuildConfiguration;
			buildSettings = {
				ASSETCATALOG_COMPILER_APPICON_NAME = AppIcon;
				INFOPLIST_FILE = testTableView/Info.plist;
				LD_RUNPATH_SEARCH_PATHS = "$(inherited) @executable_path/Frameworks";
				PRODUCT_BUNDLE_IDENTIFIER = com.karottc.testTableView;
				PRODUCT_NAME = "$(TARGET_NAME)";
			};
			name = Debug;
		};
		0A5D8A9F1B5A3299007674E9 /* Release */ = {
			isa = XCBuildConfiguration;
			buildSettings = {
				ASSETCATALOG_COMPILER_APPICON_NAME = AppIcon;
				INFOPLIST_FILE = testTableView/Info.plist;
				LD_RUNPATH_SEARCH_PATHS = "$(inherited) @executable_path/Frameworks";
				PRODUCT_BUNDLE_IDENTIFIER = com.karottc.testTableView;
				PRODUCT_NAME = "$(TARGET_NAME)";
			};
			name = Release;
		};
		0A5D8AA11B5A3299007674E9 /* Debug */ = {
			isa = XCBuildConfiguration;
			buildSettings = {
				BUNDLE_LOADER = "$(TEST_HOST)";
				INFOPLIST_FILE = testTableViewTests/Info.plist;
				LD_RUNPATH_SEARCH_PATHS = "$(inherited) @executable_path/Frameworks @loader_path/Frameworks";
				PRODUCT_BUNDLE_IDENTIFIER = com.karottc.testTableViewTests;
				PRODUCT_NAME = "$(TARGET_NAME)";
				TEST_HOST = "$(BUILT_PRODUCTS_DIR)/testTableView.app/testTableView";
			};
			name = Debug;
		};
		0A5D8AA21B5A3299007674E9 /* Release */ = {
			isa = XCBuildConfiguration;
			buildSettings = {
				BUNDLE_LOADER = "$(TEST_HOST)";
				INFOPLIST_FILE = testTableViewTests/Info.plist;
				LD_RUNPATH_SEARCH_PATHS = "$(inherited) @executable_path/Frameworks @loader_path/Frameworks";
				PRODUCT_BUNDLE_IDENTIFIER = com.karottc.testTableViewTests;
				PRODUCT_NAME = "$(TARGET_NAME)";
				TEST_HOST = "$(BUILT_PRODUCTS_DIR)/testTableView.app/testTableView";
			};
			name = Release;
		};
		0A5D8AA41B5A3299007674E9 /* Debug */ = {
			isa = XCBuildConfiguration;
			buildSettings = {
				INFOPLIST_FILE = testTableViewUITests/Info.plist;
				LD_RUNPATH_SEARCH_PATHS = "$(inherited) @executable_path/Frameworks @loader_path/Frameworks";
				PRODUCT_BUNDLE_IDENTIFIER = com.karottc.testTableViewUITests;
				PRODUCT_NAME = "$(TARGET_NAME)";
				TEST_TARGET_NAME = testTableView;
				USES_XCTRUNNER = YES;
			};
			name = Debug;
		};
		0A5D8AA51B5A3299007674E9 /* Release */ = {
			isa = XCBuildConfiguration;
			buildSettings = {
				INFOPLIST_FILE = testTableViewUITests/Info.plist;
				LD_RUNPATH_SEARCH_PATHS = "$(inherited) @executable_path/Frameworks @loader_path/Frameworks";
				PRODUCT_BUNDLE_IDENTIFIER = com.karottc.testTableViewUITests;
				PRODUCT_NAME = "$(TARGET_NAME)";
				TEST_TARGET_NAME = testTableView;
				USES_XCTRUNNER = YES;
			};
			name = Release;
		};
/* End XCBuildConfiguration section */

/* Begin XCConfigurationList section */
		0A5D8A701B5A3299007674E9 /* Build configuration list for PBXProject "testTableView" */ = {
			isa = XCConfigurationList;
			buildConfigurations = (
				0A5D8A9B1B5A3299007674E9 /* Debug */,
				0A5D8A9C1B5A3299007674E9 /* Release */,
			);
			defaultConfigurationIsVisible = 0;
			defaultConfigurationName = Release;
		};
		0A5D8A9D1B5A3299007674E9 /* Build configuration list for PBXNativeTarget "testTableView" */ = {
			isa = XCConfigurationList;
			buildConfigurations = (
				0A5D8A9E1B5A3299007674E9 /* Debug */,
				0A5D8A9F1B5A3299007674E9 /* Release */,
			);
			defaultConfigurationIsVisible = 0;
		};
		0A5D8AA01B5A3299007674E9 /* Build configuration list for PBXNativeTarget "testTableViewTests" */ = {
			isa = XCConfigurationList;
			buildConfigurations = (
				0A5D8AA11B5A3299007674E9 /* Debug */,
				0A5D8AA21B5A3299007674E9 /* Release */,
			);
			defaultConfigurationIsVisible = 0;
		};
		0A5D8AA31B5A3299007674E9 /* Build configuration list for PBXNativeTarget "testTableViewUITests" */ = {
			isa = XCConfigurationList;
			buildConfigurations = (
				0A5D8AA41B5A3299007674E9 /* Debug */,
				0A5D8AA51B5A3299007674E9 /* Release */,
			);
			defaultConfigurationIsVisible = 0;
		};
/* End XCConfigurationList section */
	};
	rootObject = 0A5D8A6D1B5A3299007674E9 /* Project object */;
}
